{
  "name": "openscad_pcb_generator",
  "version": "1.0.0",
  "lockfileVersion": 1,
  "requires": true,
  "dependencies": {
    "@ijprest/kle-serial": {
      "version": "github:mrzealot/kle-serial#166adbd1930b76830ca1b7694e27d8c17e70b9fc",
      "from": "github:mrzealot/kle-serial#master",
      "requires": {
        "json5": "^2.1.0"
      }
    },
    "json5": {
      "version": "2.2.1",
      "resolved": "https://registry.npmjs.org/json5/-/json5-2.2.1.tgz",
      "integrity": "sha512-1hqLFMSrGHRHxav9q9gNjJ5EXznIxGVO09xQRrwplcS8qs28pZ8s8hupZAmqDwZUmVZ2Qb2jnyPOWcDH8m8dlA=="
    }
  }
}
